
Microsoft Visual Studio Solution File, Format Version 12.00
# Visual Studio Version 17
VisualStudioVersion = 17.8.34309.116
MinimumVisualStudioVersion = 10.0.40219.1
Project("{9A19103F-16F7-4668-BE54-9A1E7A4F7556}") = "Domain.Common", "Domain\Domain.Common\Domain.Common.csproj", "{E0517AE4-90AB-4640-8C2A-1228D4076889}"
EndProject
Project("{2150E333-8FDC-42A3-9474-1A3956D46DE8}") = "Domain", "Domain", "{F4814ADA-DF20-4C5A-9647-0E17841EC251}"
EndProject
Project("{2150E333-8FDC-42A3-9474-1A3956D46DE8}") = "Clients", "Clients", "{12ACBDBD-7CBD-482D-8F67-6D473829B40D}"
EndProject
Project("{2150E333-8FDC-42A3-9474-1A3956D46DE8}") = "MicroServices", "MicroServices", "{6E597C5F-510A-4EF0-A80A-8999E3C73282}"
EndProject
Project("{2150E333-8FDC-42A3-9474-1A3956D46DE8}") = "APIs", "APIs", "{8006CE07-CCD4-40BD-A751-06EEC730FB7F}"
EndProject
Project("{2150E333-8FDC-42A3-9474-1A3956D46DE8}") = "Menu", "Menu", "{04CE5E16-A73D-49E5-AE86-7E71AEC29FCF}"
EndProject
Project("{9A19103F-16F7-4668-BE54-9A1E7A4F7556}") = "Menu.API", "MicroServices\APIs\Menu\Menu.API\Menu.API.csproj", "{67832CA3-8E88-4C86-AA90-C6BF0D412576}"
EndProject
Project("{2150E333-8FDC-42A3-9474-1A3956D46DE8}") = "Marketing", "Marketing", "{6536165E-1307-4AE6-92A7-5792CF26BA85}"
EndProject
Project("{2150E333-8FDC-42A3-9474-1A3956D46DE8}") = "Order", "Order", "{9C26945A-5032-440D-973D-72CE23832F70}"
EndProject
Project("{9A19103F-16F7-4668-BE54-9A1E7A4F7556}") = "Order.API", "MicroServices\APIs\Order\Order.API\Order.API.csproj", "{E2D4A434-6973-430C-9B47-C73A29580916}"
EndProject
Project("{9A19103F-16F7-4668-BE54-9A1E7A4F7556}") = "Marketing.API", "MicroServices\APIs\Marketing\Marketing.API\Marketing.API.csproj", "{40B328D6-FAD6-4467-BF4A-1B97AD78C536}"
EndProject
Project("{9A19103F-16F7-4668-BE54-9A1E7A4F7556}") = "Marketing.DataAccess", "MicroServices\APIs\Marketing\Marketing.DataAccess\Marketing.DataAccess.csproj", "{56972A5C-D3FA-407C-A6EB-2C6063BC8F65}"
EndProject
Project("{9A19103F-16F7-4668-BE54-9A1E7A4F7556}") = "Menu.DataAccess", "MicroServices\APIs\Menu\Menu.DataAccess\Menu.DataAccess.csproj", "{73F35B25-1ADF-4772-B46B-389D9A961E26}"
EndProject
Project("{9A19103F-16F7-4668-BE54-9A1E7A4F7556}") = "Order.DataAccess", "MicroServices\APIs\Order\Order.DataAccess\Order.DataAccess.csproj", "{341CD92C-4695-482C-A936-D7440055B78D}"
EndProject
Project("{2150E333-8FDC-42A3-9474-1A3956D46DE8}") = "Gateways", "Gateways", "{54473724-F4FA-4B3E-9A93-64C29D2DE26F}"
EndProject
Project("{FAE04EC0-301F-11D3-BF4B-00C04F79EFBC}") = "PizzaGateway", "MicroServices\Gateways\PizzaGateway\PizzaGateway.csproj", "{71A49720-55FE-4A95-901D-2131CD3B248A}"
EndProject
Global
	GlobalSection(SolutionConfigurationPlatforms) = preSolution
		Debug|Any CPU = Debug|Any CPU
		Release|Any CPU = Release|Any CPU
	EndGlobalSection
	GlobalSection(ProjectConfigurationPlatforms) = postSolution
		{E0517AE4-90AB-4640-8C2A-1228D4076889}.Debug|Any CPU.ActiveCfg = Debug|Any CPU
		{E0517AE4-90AB-4640-8C2A-1228D4076889}.Debug|Any CPU.Build.0 = Debug|Any CPU
		{E0517AE4-90AB-4640-8C2A-1228D4076889}.Release|Any CPU.ActiveCfg = Release|Any CPU
		{E0517AE4-90AB-4640-8C2A-1228D4076889}.Release|Any CPU.Build.0 = Release|Any CPU
		{67832CA3-8E88-4C86-AA90-C6BF0D412576}.Debug|Any CPU.ActiveCfg = Debug|Any CPU
		{67832CA3-8E88-4C86-AA90-C6BF0D412576}.Debug|Any CPU.Build.0 = Debug|Any CPU
		{67832CA3-8E88-4C86-AA90-C6BF0D412576}.Release|Any CPU.ActiveCfg = Release|Any CPU
		{67832CA3-8E88-4C86-AA90-C6BF0D412576}.Release|Any CPU.Build.0 = Release|Any CPU
		{E2D4A434-6973-430C-9B47-C73A29580916}.Debug|Any CPU.ActiveCfg = Debug|Any CPU
		{E2D4A434-6973-430C-9B47-C73A29580916}.Debug|Any CPU.Build.0 = Debug|Any CPU
		{E2D4A434-6973-430C-9B47-C73A29580916}.Release|Any CPU.ActiveCfg = Release|Any CPU
		{E2D4A434-6973-430C-9B47-C73A29580916}.Release|Any CPU.Build.0 = Release|Any CPU
		{40B328D6-FAD6-4467-BF4A-1B97AD78C536}.Debug|Any CPU.ActiveCfg = Debug|Any CPU
		{40B328D6-FAD6-4467-BF4A-1B97AD78C536}.Debug|Any CPU.Build.0 = Debug|Any CPU
		{40B328D6-FAD6-4467-BF4A-1B97AD78C536}.Release|Any CPU.ActiveCfg = Release|Any CPU
		{40B328D6-FAD6-4467-BF4A-1B97AD78C536}.Release|Any CPU.Build.0 = Release|Any CPU
		{56972A5C-D3FA-407C-A6EB-2C6063BC8F65}.Debug|Any CPU.ActiveCfg = Debug|Any CPU
		{56972A5C-D3FA-407C-A6EB-2C6063BC8F65}.Debug|Any CPU.Build.0 = Debug|Any CPU
		{56972A5C-D3FA-407C-A6EB-2C6063BC8F65}.Release|Any CPU.ActiveCfg = Release|Any CPU
		{56972A5C-D3FA-407C-A6EB-2C6063BC8F65}.Release|Any CPU.Build.0 = Release|Any CPU
		{73F35B25-1ADF-4772-B46B-389D9A961E26}.Debug|Any CPU.ActiveCfg = Debug|Any CPU
		{73F35B25-1ADF-4772-B46B-389D9A961E26}.Debug|Any CPU.Build.0 = Debug|Any CPU
		{73F35B25-1ADF-4772-B46B-389D9A961E26}.Release|Any CPU.ActiveCfg = Release|Any CPU
		{73F35B25-1ADF-4772-B46B-389D9A961E26}.Release|Any CPU.Build.0 = Release|Any CPU
		{341CD92C-4695-482C-A936-D7440055B78D}.Debug|Any CPU.ActiveCfg = Debug|Any CPU
		{341CD92C-4695-482C-A936-D7440055B78D}.Debug|Any CPU.Build.0 = Debug|Any CPU
		{341CD92C-4695-482C-A936-D7440055B78D}.Release|Any CPU.ActiveCfg = Release|Any CPU
		{341CD92C-4695-482C-A936-D7440055B78D}.Release|Any CPU.Build.0 = Release|Any CPU
		{71A49720-55FE-4A95-901D-2131CD3B248A}.Debug|Any CPU.ActiveCfg = Debug|Any CPU
		{71A49720-55FE-4A95-901D-2131CD3B248A}.Debug|Any CPU.Build.0 = Debug|Any CPU
		{71A49720-55FE-4A95-901D-2131CD3B248A}.Release|Any CPU.ActiveCfg = Release|Any CPU
		{71A49720-55FE-4A95-901D-2131CD3B248A}.Release|Any CPU.Build.0 = Release|Any CPU
	EndGlobalSection
	GlobalSection(SolutionProperties) = preSolution
		HideSolutionNode = FALSE
	EndGlobalSection
	GlobalSection(NestedProjects) = preSolution
		{E0517AE4-90AB-4640-8C2A-1228D4076889} = {F4814ADA-DF20-4C5A-9647-0E17841EC251}
		{8006CE07-CCD4-40BD-A751-06EEC730FB7F} = {6E597C5F-510A-4EF0-A80A-8999E3C73282}
		{04CE5E16-A73D-49E5-AE86-7E71AEC29FCF} = {8006CE07-CCD4-40BD-A751-06EEC730FB7F}
		{67832CA3-8E88-4C86-AA90-C6BF0D412576} = {04CE5E16-A73D-49E5-AE86-7E71AEC29FCF}
		{6536165E-1307-4AE6-92A7-5792CF26BA85} = {8006CE07-CCD4-40BD-A751-06EEC730FB7F}
		{9C26945A-5032-440D-973D-72CE23832F70} = {8006CE07-CCD4-40BD-A751-06EEC730FB7F}
		{E2D4A434-6973-430C-9B47-C73A29580916} = {9C26945A-5032-440D-973D-72CE23832F70}
		{40B328D6-FAD6-4467-BF4A-1B97AD78C536} = {6536165E-1307-4AE6-92A7-5792CF26BA85}
		{56972A5C-D3FA-407C-A6EB-2C6063BC8F65} = {6536165E-1307-4AE6-92A7-5792CF26BA85}
		{73F35B25-1ADF-4772-B46B-389D9A961E26} = {04CE5E16-A73D-49E5-AE86-7E71AEC29FCF}
		{341CD92C-4695-482C-A936-D7440055B78D} = {9C26945A-5032-440D-973D-72CE23832F70}
		{54473724-F4FA-4B3E-9A93-64C29D2DE26F} = {6E597C5F-510A-4EF0-A80A-8999E3C73282}
		{71A49720-55FE-4A95-901D-2131CD3B248A} = {54473724-F4FA-4B3E-9A93-64C29D2DE26F}
	EndGlobalSection
	GlobalSection(ExtensibilityGlobals) = postSolution
		SolutionGuid = {F67673CC-0D22-4DFB-AB6A-053E8049903D}
	EndGlobalSection
EndGlobal
